
Microsoft Visual Studio Solution File, Format Version 12.00
# Visual Studio Version 17
VisualStudioVersion = 17.13.35825.156 d17.13
MinimumVisualStudioVersion = 10.0.40219.1
Project("{8BC9CEB8-8B4A-11D0-8D11-00A0C91BC942}") = "weld_backend", "weld_backend.vcxproj", "{9D463189-EE26-4722-8C7A-37CE8B454E25}"
EndProject
Global
	GlobalSection(SolutionConfigurationPlatforms) = preSolution
		Debug|x64 = Debug|x64
		Debug|x86 = Debug|x86
		Release|x64 = Release|x64
		Release|x86 = Release|x86
	EndGlobalSection
	GlobalSection(ProjectConfigurationPlatforms) = postSolution
		{9D463189-EE26-4722-8C7A-37CE8B454E25}.Debug|x64.ActiveCfg = Debug|x64
		{9D463189-EE26-4722-8C7A-37CE8B454E25}.Debug|x64.Build.0 = Debug|x64
		{9D463189-EE26-4722-8C7A-37CE8B454E25}.Debug|x86.ActiveCfg = Debug|Win32
		{9D463189-EE26-4722-8C7A-37CE8B454E25}.Debug|x86.Build.0 = Debug|Win32
		{9D463189-EE26-4722-8C7A-37CE8B454E25}.Release|x64.ActiveCfg = Release|x64
		{9D463189-EE26-4722-8C7A-37CE8B454E25}.Release|x64.Build.0 = Release|x64
		{9D463189-EE26-4722-8C7A-37CE8B454E25}.Release|x86.ActiveCfg = Release|Win32
		{9D463189-EE26-4722-8C7A-37CE8B454E25}.Release|x86.Build.0 = Release|Win32
	EndGlobalSection
	GlobalSection(SolutionProperties) = preSolution
		HideSolutionNode = FALSE
	EndGlobalSection
	GlobalSection(ExtensibilityGlobals) = postSolution
		SolutionGuid = {EB428C0A-FCFF-4DF8-B9A6-4DB980D7C915}
	EndGlobalSection
EndGlobal
